
Microsoft Visual Studio Solution File, Format Version 12.00
# Visual Studio Version 17
VisualStudioVersion = 17.2.32630.192
MinimumVisualStudioVersion = 10.0.40219.1
Project("{9A19103F-16F7-4668-BE54-9A1E7A4F7556}") = "Telomeres", "Telomeres\Telomeres.csproj", "{9C0244B0-B2BA-4478-A8A5-1082C6C09D1D}"
EndProject
Global
	GlobalSection(SolutionConfigurationPlatforms) = preSolution
		Debug|Any CPU = Debug|Any CPU
		Release|Any CPU = Release|Any CPU
	EndGlobalSection
	GlobalSection(ProjectConfigurationPlatforms) = postSolution
		{9C0244B0-B2BA-4478-A8A5-1082C6C09D1D}.Debug|Any CPU.ActiveCfg = Debug|Any CPU
		{9C0244B0-B2BA-4478-A8A5-1082C6C09D1D}.Debug|Any CPU.Build.0 = Debug|Any CPU
		{9C0244B0-B2BA-4478-A8A5-1082C6C09D1D}.Release|Any CPU.ActiveCfg = Release|Any CPU
		{9C0244B0-B2BA-4478-A8A5-1082C6C09D1D}.Release|Any CPU.Build.0 = Release|Any CPU
	EndGlobalSection
	GlobalSection(SolutionProperties) = preSolution
		HideSolutionNode = FALSE
	EndGlobalSection
	GlobalSection(ExtensibilityGlobals) = postSolution
		SolutionGuid = {D2D0D938-A79B-4738-8A7C-E4EEB28A274E}
	EndGlobalSection
EndGlobal
